// !$*UTF8*$!
{
	archiveVersion = 1;
	classes = {
	};
	objectVersion = 46;
	objects = {

/* Begin PBXBuildFile section */
		5801F60E15D36B07000E8F6A /* main.m in Sources */ = {isa = PBXBuildFile; fileRef = 5801F60D15D36B07000E8F6A /* main.m */; };
		5801F61915D36B1F000E8F6A /* Cocoa.framework in Frameworks */ = {isa = PBXBuildFile; fileRef = 5801F61815D36B1F000E8F6A /* Cocoa.framework */; };
		5801F61C15D36B38000E8F6A /* AppDelegate.m in Sources */ = {isa = PBXBuildFile; fileRef = 5801F61B15D36B38000E8F6A /* AppDelegate.m */; };
/* End PBXBuildFile section */

/* Begin PBXFileReference section */
		5801F60615D36B07000E8F6A /* amaffi */ = {isa = PBXFileReference; explicitFileType = "compiled.mach-o.executable"; includeInIndex = 0; path = amaffi; sourceTree = BUILT_PRODUCTS_DIR; };
		5801F60D15D36B07000E8F6A /* main.m */ = {isa = PBXFileReference; lastKnownFileType = sourcecode.c.objc; path = main.m; sourceTree = "<group>"; };
		5801F61015D36B07000E8F6A /* amaffi-Prefix.pch */ = {isa = PBXFileReference; lastKnownFileType = sourcecode.c.h; path = "amaffi-Prefix.pch"; sourceTree = "<group>"; };
		5801F61115D36B07000E8F6A /* amaffi.1 */ = {isa = PBXFileReference; lastKnownFileType = text.man; path = amaffi.1; sourceTree = "<group>"; };
		5801F61815D36B1F000E8F6A /* Cocoa.framework */ = {isa = PBXFileReference; lastKnownFileType = wrapper.framework; name = Cocoa.framework; path = System/Library/Frameworks/Cocoa.framework; sourceTree = SDKROOT; };
		5801F61A15D36B38000E8F6A /* AppDelegate.h */ = {isa = PBXFileReference; fileEncoding = 4; lastKnownFileType = sourcecode.c.h; path = AppDelegate.h; sourceTree = "<group>"; };
		5801F61B15D36B38000E8F6A /* AppDelegate.m */ = {isa = PBXFileReference; fileEncoding = 4; lastKnownFileType = sourcecode.c.objc; path = AppDelegate.m; sourceTree = "<group>"; };
/* End PBXFileReference section */

/* Begin PBXFrameworksBuildPhase section */
		5801F60315D36B07000E8F6A /* Frameworks */ = {
			isa = PBXFrameworksBuildPhase;
			buildActionMask = 2147483647;
			files = (
				5801F61915D36B1F000E8F6A /* Cocoa.framework in Frameworks */,
			);
			runOnlyForDeploymentPostprocessing = 0;
		};
/* End PBXFrameworksBuildPhase section */

/* Begin PBXGroup section */
		5801F5FB15D36B07000E8F6A = {
			isa = PBXGroup;
			children = (
				5801F60C15D36B07000E8F6A /* amaffi */,
				5801F60915D36B07000E8F6A /* Frameworks */,
				5801F60715D36B07000E8F6A /* Products */,
			);
			sourceTree = "<group>";
		};
		5801F60715D36B07000E8F6A /* Products */ = {
			isa = PBXGroup;
			children = (
				5801F60615D36B07000E8F6A /* amaffi */,
			);
			name = Products;
			sourceTree = "<group>";
		};
		5801F60915D36B07000E8F6A /* Frameworks */ = {
			isa = PBXGroup;
			children = (
				5801F61815D36B1F000E8F6A /* Cocoa.framework */,
			);
			name = Frameworks;
			sourceTree = "<group>";
		};
		5801F60C15D36B07000E8F6A /* amaffi */ = {
			isa = PBXGroup;
			children = (
				5801F60D15D36B07000E8F6A /* main.m */,
				5801F61115D36B07000E8F6A /* amaffi.1 */,
				5801F61A15D36B38000E8F6A /* AppDelegate.h */,
				5801F61B15D36B38000E8F6A /* AppDelegate.m */,
				5801F60F15D36B07000E8F6A /* Supporting Files */,
			);
			path = amaffi;
			sourceTree = "<group>";
		};
		5801F60F15D36B07000E8F6A /* Supporting Files */ = {
			isa = PBXGroup;
			children = (
				5801F61015D36B07000E8F6A /* amaffi-Prefix.pch */,
			);
			name = "Supporting Files";
			sourceTree = "<group>";
		};
/* End PBXGroup section */

/* Begin PBXNativeTarget section */
		5801F60515D36B07000E8F6A /* amaffi */ = {
			isa = PBXNativeTarget;
			buildConfigurationList = 5801F61515D36B07000E8F6A /* Build configuration list for PBXNativeTarget "amaffi" */;
			buildPhases = (
				5801F60215D36B07000E8F6A /* Sources */,
				5801F60315D36B07000E8F6A /* Frameworks */,
			);
			buildRules = (
			);
			dependencies = (
			);
			name = amaffi;
			productName = amaffi;
			productReference = 5801F60615D36B07000E8F6A /* amaffi */;
			productType = "com.apple.product-type.tool";
		};
/* End PBXNativeTarget section */

/* Begin PBXProject section */
		5801F5FD15D36B07000E8F6A /* Project object */ = {
			isa = PBXProject;
			attributes = {
				LastUpgradeCheck = 0440;
			};
			buildConfigurationList = 5801F60015D36B07000E8F6A /* Build configuration list for PBXProject "amaffi" */;
			compatibilityVersion = "Xcode 3.2";
			developmentRegion = English;
			hasScannedForEncodings = 0;
			knownRegions = (
				en,
			);
			mainGroup = 5801F5FB15D36B07000E8F6A;
			productRefGroup = 5801F60715D36B07000E8F6A /* Products */;
			projectDirPath = "";
			projectRoot = "";
			targets = (
				5801F60515D36B07000E8F6A /* amaffi */,
			);
		};
/* End PBXProject section */

/* Begin PBXSourcesBuildPhase section */
		5801F60215D36B07000E8F6A /* Sources */ = {
			isa = PBXSourcesBuildPhase;
			buildActionMask = 2147483647;
			files = (
				5801F60E15D36B07000E8F6A /* main.m in Sources */,
				5801F61C15D36B38000E8F6A /* AppDelegate.m in Sources */,
			);
			runOnlyForDeploymentPostprocessing = 0;
		};
/* End PBXSourcesBuildPhase section */

/* Begin XCBuildConfiguration section */
		5801F61315D36B07000E8F6A /* Debug */ = {
			isa = XCBuildConfiguration;
			buildSettings = {
				ALWAYS_SEARCH_USER_PATHS = NO;
				ARCHS = "$(ARCHS_STANDARD_64_BIT)";
				CLANG_CXX_LANGUAGE_STANDARD = "gnu++0x";
				CLANG_ENABLE_OBJC_ARC = YES;
				CLANG_WARN__DUPLICATE_METHOD_MATCH = YES;
				COPY_PHASE_STRIP = NO;
				GCC_C_LANGUAGE_STANDARD = gnu99;
				GCC_DYNAMIC_NO_PIC = NO;
				GCC_ENABLE_OBJC_EXCEPTIONS = YES;
				GCC_OPTIMIZATION_LEVEL = 0;
				GCC_PREPROCESSOR_DEFINITIONS = (
					"DEBUG=1",
					"$(inherited)",
				);
				GCC_SYMBOLS_PRIVATE_EXTERN = NO;
				GCC_WARN_64_TO_32_BIT_CONVERSION = YES;
				GCC_WARN_ABOUT_RETURN_TYPE = YES;
				GCC_WARN_UNINITIALIZED_AUTOS = YES;
				GCC_WARN_UNUSED_VARIABLE = YES;
				MACOSX_DEPLOYMENT_TARGET = 10.8;
				ONLY_ACTIVE_ARCH = YES;
				SDKROOT = macosx;
			};
			name = Debug;
		};
		5801F61415D36B07000E8F6A /* Release */ = {
			isa = XCBuildConfiguration;
			buildSettings = {
				ALWAYS_SEARCH_USER_PATHS = NO;
				ARCHS = "$(ARCHS_STANDARD_64_BIT)";
				CLANG_CXX_LANGUAGE_STANDARD = "gnu++0x";
				CLANG_ENABLE_OBJC_ARC = YES;
				CLANG_WARN__DUPLICATE_METHOD_MATCH = YES;
				COPY_PHASE_STRIP = YES;
				DEBUG_INFORMATION_FORMAT = "dwarf-with-dsym";
				GCC_C_LANGUAGE_STANDARD = gnu99;
				GCC_ENABLE_OBJC_EXCEPTIONS = YES;
				GCC_WARN_64_TO_32_BIT_CONVERSION = YES;
				GCC_WARN_ABOUT_RETURN_TYPE = YES;
				GCC_WARN_UNINITIALIZED_AUTOS = YES;
				GCC_WARN_UNUSED_VARIABLE = YES;
				MACOSX_DEPLOYMENT_TARGET = 10.8;
				SDKROOT = macosx;
			};
			name = Release;
		};
		5801F61615D36B07000E8F6A /* Debug */ = {
			isa = XCBuildConfiguration;
			buildSettings = {
				GCC_PRECOMPILE_PREFIX_HEADER = YES;
				GCC_PREFIX_HEADER = "amaffi/amaffi-Prefix.pch";
				PRODUCT_NAME = "$(TARGET_NAME)";
			};
			name = Debug;
		};
		5801F61715D36B07000E8F6A /* Release */ = {
			isa = XCBuildConfiguration;
			buildSettings = {
				GCC_PRECOMPILE_PREFIX_HEADER = YES;
				GCC_PREFIX_HEADER = "amaffi/amaffi-Prefix.pch";
				PRODUCT_NAME = "$(TARGET_NAME)";
			};
			name = Release;
		};
/* End XCBuildConfiguration section */

/* Begin XCConfigurationList section */
		5801F60015D36B07000E8F6A /* Build configuration list for PBXProject "amaffi" */ = {
			isa = XCConfigurationList;
			buildConfigurations = (
				5801F61315D36B07000E8F6A /* Debug */,
				5801F61415D36B07000E8F6A /* Release */,
			);
			defaultConfigurationIsVisible = 0;
			defaultConfigurationName = Release;
		};
		5801F61515D36B07000E8F6A /* Build configuration list for PBXNativeTarget "amaffi" */ = {
			isa = XCConfigurationList;
			buildConfigurations = (
				5801F61615D36B07000E8F6A /* Debug */,
				5801F61715D36B07000E8F6A /* Release */,
			);
			defaultConfigurationIsVisible = 0;
			defaultConfigurationName = Release;
		};
/* End XCConfigurationList section */
	};
	rootObject = 5801F5FD15D36B07000E8F6A /* Project object */;
}
